{
  "nodes": {
    "nixpkgs": {
      "locked": {
        "lastModified": 1711001935,
        "narHash": "sha256-URtGpHue7HHZK0mrHnSf8wJ6OmMKYSsoLmJybrOLFSQ=",
        "owner": "NixOS",
        "repo": "nixpkgs",
        "rev": "20f77aa09916374aa3141cbc605c955626762c9a",
        "type": "github"
      },
      "original": {
        "owner": "NixOS",
        "ref": "nixos-unstable",
        "repo": "nixpkgs",
        "type": "github"
      }
    },
    "nixpkgs-pacemaker": {
      "locked": {
        "lastModified": 1707746079,
        "narHash": "sha256-oaN25Bz/8ZvqUTigsSsw/G+CQGzYe/VseMVwqi761co=",
        "owner": "matt1432",
        "repo": "nixpkgs",
        "rev": "c23dfe7eababf4387a5d154a8a4a2336dd33e406",
        "type": "github"
      },
      "original": {
        "owner": "matt1432",
        "ref": "ocf-fix",
        "repo": "nixpkgs",
        "type": "github"
      }
    },
    "pcs-src": {
      "flake": false,
      "locked": {
        "lastModified": 1711111167,
        "narHash": "sha256-l54VQnO3zxEUnhYN95jNHHCcoLcYNuKudtyrzWcRhZ4=",
        "owner": "ClusterLabs",
        "repo": "pcs",
        "rev": "d644ccfdc58df7278b8c6fd12c15f470644b910a",
        "type": "github"
      },
      "original": {
        "owner": "ClusterLabs",
        "repo": "pcs",
        "type": "github"
      }
    },
    "pcs-web-ui-src": {
      "flake": false,
      "locked": {
        "lastModified": 1711138921,
        "narHash": "sha256-wF8kyajU14Aj21j3ygEpUDQpiR1Zi9iZogDTWlB3mvA=",
        "owner": "ClusterLabs",
        "repo": "pcs-web-ui",
        "rev": "e833dc3d07e5643baa5e01742e0357a9799a6aec",
        "type": "github"
      },
      "original": {
        "owner": "ClusterLabs",
        "repo": "pcs-web-ui",
        "type": "github"
      }
    },
    "pyagentx-src": {
      "flake": false,
      "locked": {
        "lastModified": 1511257724,
        "narHash": "sha256-uXFRtQskF2HhHi3KhJwajPvt8c8unrBBOqxGimV74Rc=",
        "owner": "ondrejmular",
        "repo": "pyagentx",
        "rev": "8fcc2f056b54b92c67a264671198fd197d5a1799",
        "type": "github"
      },
      "original": {
        "owner": "ondrejmular",
        "repo": "pyagentx",
        "rev": "8fcc2f056b54b92c67a264671198fd197d5a1799",
        "type": "github"
      }
    },
    "root": {
      "inputs": {
        "nixpkgs": "nixpkgs",
        "nixpkgs-pacemaker": "nixpkgs-pacemaker",
        "pcs-src": "pcs-src",
        "pcs-web-ui-src": "pcs-web-ui-src",
        "pyagentx-src": "pyagentx-src"
      }
    }
  },
  "root": "root",
  "version": 7
}
