{
  "nodes": {
    "nixpkgs": {
      "locked": {
        "lastModified": 1709237383,
        "narHash": "sha256-cy6ArO4k5qTx+l5o+0mL9f5fa86tYUX3ozE1S+Txlds=",
        "owner": "NixOS",
        "repo": "nixpkgs",
        "rev": "1536926ef5621b09bba54035ae2bb6d806d72ac8",
        "type": "github"
      },
      "original": {
        "owner": "NixOS",
        "ref": "nixos-unstable",
        "repo": "nixpkgs",
        "type": "github"
      }
    },
    "nixpkgs-pacemaker": {
      "locked": {
        "lastModified": 1707746079,
        "narHash": "sha256-oaN25Bz/8ZvqUTigsSsw/G+CQGzYe/VseMVwqi761co=",
        "owner": "matt1432",
        "repo": "nixpkgs",
        "rev": "c23dfe7eababf4387a5d154a8a4a2336dd33e406",
        "type": "github"
      },
      "original": {
        "owner": "matt1432",
        "ref": "ocf-fix",
        "repo": "nixpkgs",
        "type": "github"
      }
    },
    "pcs-src": {
      "flake": false,
      "locked": {
        "lastModified": 1709136233,
        "narHash": "sha256-Ho2R1+Pk0rBB4qM6X2Dv5sE9KbA0ncafND0uM78QMJ4=",
        "owner": "ClusterLabs",
        "repo": "pcs",
        "rev": "2ca2ea5ea2b8efbaba14a6f7d643dd8c2e1cff48",
        "type": "github"
      },
      "original": {
        "owner": "ClusterLabs",
        "repo": "pcs",
        "type": "github"
      }
    },
    "pyagentx-src": {
      "flake": false,
      "locked": {
        "lastModified": 1511257724,
        "narHash": "sha256-uXFRtQskF2HhHi3KhJwajPvt8c8unrBBOqxGimV74Rc=",
        "owner": "ondrejmular",
        "repo": "pyagentx",
        "rev": "8fcc2f056b54b92c67a264671198fd197d5a1799",
        "type": "github"
      },
      "original": {
        "owner": "ondrejmular",
        "repo": "pyagentx",
        "rev": "8fcc2f056b54b92c67a264671198fd197d5a1799",
        "type": "github"
      }
    },
    "root": {
      "inputs": {
        "nixpkgs": "nixpkgs",
        "nixpkgs-pacemaker": "nixpkgs-pacemaker",
        "pcs-src": "pcs-src",
        "pyagentx-src": "pyagentx-src"
      }
    }
  },
  "root": "root",
  "version": 7
}
